github.com/google/flatbuffers v23.3.3+incompatible h1:5PJI/WbJkaMTvpGxsHVKG/LurN/KnWXNyGpwSCDgen0=
github.com/google/flatbuffers v23.3.3+incompatible/go.mod h1:1AeVuKshWv4vARoZatz6mlQ0JxURH0Kv5+zNeJKJCa8=
github.com/google/go-cmp v0.5.9 h1:O2Tfq5qg4qc4AmwVlvv0oLiVAGB7enBSJ2x2DqQFi38=
github.com/google/go-cmp v0.5.9/go.mod h1:17dUlkBOakJ0+DkrSSNjCkIjxS6bF9zb3elmeNGIjoY=
github.com/klauspost/compress v1.16.5 h1:IFV2oUNUzZaz+XyusxpLzpzS8Pt5rh0Z16For/djlyI=
github.com/klauspost/compress v1.16.5/go.mod h1:ntbaceVETuRiXiv4DpjP66DpAtAGkEQskQzEyD//IeE=
github.com/stealthrocket/wasi-go v0.1.1-0.20230516020218-5537a1ac3338 h1:4GhKcVRSXK+9rqZn7vQhzsX5YTCiRw0CfXIIE3Ad0lo=
github.com/stealthrocket/wasi-go v0.1.1-0.20230516020218-5537a1ac3338/go.mod h1:LBhZHvAroNNQTejkVTMJZ01ssj3jXF+3Lkbru4cTzGQ=
github.com/stealthrocket/wazergo v0.17.1 h1:lXx4/Lg1A+9ATZWYI0J2E4oWfihhOLxWfnAT2Wy8iKQ=
github.com/stealthrocket/wazergo v0.17.1/go.mod h1:riI0hxw4ndZA5e6z7PesHg2BtTftcZaMxRcoiGGipTs=
github.com/tetratelabs/wazero v1.1.0 h1:EByoAhC+QcYpwSZJSs/aV0uokxPwBgKxfiokSUwAknQ=
github.com/tetratelabs/wazero v1.1.0/go.mod h1:wYx2gNRg8/WihJfSDxA1TIL8H+GkfLYm+bIfbblu9VQ=
golang.org/x/sys v0.8.0 h1:EBmGv8NaZBZTWvrbjNoL6HVt+IVy3QDQpJs7VRIw3tU=
golang.org/x/sys v0.8.0/go.mod h1:oPkhp1MJrh7nUepCBck5+mAzfO9JrbApNNgaTdGDITg=
